
Microsoft Visual Studio Solution File, Format Version 12.00
# Visual Studio Version 16
VisualStudioVersion = 16.0.30309.148
MinimumVisualStudioVersion = 10.0.40219.1
Project("{9A19103F-16F7-4668-BE54-9A1E7A4F7556}") = "Matrax", "Matrax\Matrax.csproj", "{CCDD7CF2-9C79-4C80-866C-48265777699A}"
EndProject
Global
	GlobalSection(SolutionConfigurationPlatforms) = preSolution
		Debug|Any CPU = Debug|Any CPU
		Debug|x64 = Debug|x64
		Release|Any CPU = Release|Any CPU
		Release|x64 = Release|x64
		win64|Any CPU = win64|Any CPU
		win64|x64 = win64|x64
	EndGlobalSection
	GlobalSection(ProjectConfigurationPlatforms) = postSolution
		{CCDD7CF2-9C79-4C80-866C-48265777699A}.Debug|Any CPU.ActiveCfg = Debug|Any CPU
		{CCDD7CF2-9C79-4C80-866C-48265777699A}.Debug|Any CPU.Build.0 = Debug|Any CPU
		{CCDD7CF2-9C79-4C80-866C-48265777699A}.Debug|x64.ActiveCfg = Debug|x64
		{CCDD7CF2-9C79-4C80-866C-48265777699A}.Debug|x64.Build.0 = Debug|x64
		{CCDD7CF2-9C79-4C80-866C-48265777699A}.Release|Any CPU.ActiveCfg = Release|Any CPU
		{CCDD7CF2-9C79-4C80-866C-48265777699A}.Release|Any CPU.Build.0 = Release|Any CPU
		{CCDD7CF2-9C79-4C80-866C-48265777699A}.Release|x64.ActiveCfg = Release|x64
		{CCDD7CF2-9C79-4C80-866C-48265777699A}.Release|x64.Build.0 = Release|x64
		{CCDD7CF2-9C79-4C80-866C-48265777699A}.win64|Any CPU.ActiveCfg = win64|x64
		{CCDD7CF2-9C79-4C80-866C-48265777699A}.win64|Any CPU.Build.0 = win64|x64
		{CCDD7CF2-9C79-4C80-866C-48265777699A}.win64|x64.ActiveCfg = win64|x64
		{CCDD7CF2-9C79-4C80-866C-48265777699A}.win64|x64.Build.0 = win64|x64
	EndGlobalSection
	GlobalSection(SolutionProperties) = preSolution
		HideSolutionNode = FALSE
	EndGlobalSection
	GlobalSection(ExtensibilityGlobals) = postSolution
		SolutionGuid = {7BD904F9-05A1-4AEC-9121-C6F199CAFD09}
	EndGlobalSection
EndGlobal
